
Microsoft Visual Studio Solution File, Format Version 12.00
# Visual Studio 15
Project("{FAE04EC0-301F-11D3-BF4B-00C04F79EFBC}") = "Assembly-CSharp", "Assembly-CSharp.csproj", "{AB7A337D-BA67-917A-B58B-6F06B525B1CC}"
EndProject
Project("{FAE04EC0-301F-11D3-BF4B-00C04F79EFBC}") = "Unity.XR.Interaction.Toolkit.Samples.StarterAssets", "Unity.XR.Interaction.Toolkit.Samples.StarterAssets.csproj", "{BD3441EB-E1F8-EA74-F134-983ECA22F581}"
EndProject
Project("{FAE04EC0-301F-11D3-BF4B-00C04F79EFBC}") = "Unity.XR.Interaction.Toolkit.Samples.StarterAssets.Editor", "Unity.XR.Interaction.Toolkit.Samples.StarterAssets.Editor.csproj", "{659164EB-39F9-0149-4B3D-F36F7B637420}"
EndProject
Global
	GlobalSection(SolutionConfigurationPlatforms) = preSolution
		Debug|Any CPU = Debug|Any CPU
		Release|Any CPU = Release|Any CPU
	EndGlobalSection
	GlobalSection(ProjectConfigurationPlatforms) = postSolution
		{AB7A337D-BA67-917A-B58B-6F06B525B1CC}.Debug|Any CPU.ActiveCfg = Debug|Any CPU
		{AB7A337D-BA67-917A-B58B-6F06B525B1CC}.Debug|Any CPU.Build.0 = Debug|Any CPU
		{AB7A337D-BA67-917A-B58B-6F06B525B1CC}.Release|Any CPU.ActiveCfg = Release|Any CPU
		{AB7A337D-BA67-917A-B58B-6F06B525B1CC}.Release|Any CPU.Build.0 = Release|Any CPU
		{BD3441EB-E1F8-EA74-F134-983ECA22F581}.Debug|Any CPU.ActiveCfg = Debug|Any CPU
		{BD3441EB-E1F8-EA74-F134-983ECA22F581}.Debug|Any CPU.Build.0 = Debug|Any CPU
		{BD3441EB-E1F8-EA74-F134-983ECA22F581}.Release|Any CPU.ActiveCfg = Release|Any CPU
		{BD3441EB-E1F8-EA74-F134-983ECA22F581}.Release|Any CPU.Build.0 = Release|Any CPU
		{659164EB-39F9-0149-4B3D-F36F7B637420}.Debug|Any CPU.ActiveCfg = Debug|Any CPU
		{659164EB-39F9-0149-4B3D-F36F7B637420}.Debug|Any CPU.Build.0 = Debug|Any CPU
		{659164EB-39F9-0149-4B3D-F36F7B637420}.Release|Any CPU.ActiveCfg = Release|Any CPU
		{659164EB-39F9-0149-4B3D-F36F7B637420}.Release|Any CPU.Build.0 = Release|Any CPU
	EndGlobalSection
	GlobalSection(SolutionProperties) = preSolution
		HideSolutionNode = FALSE
	EndGlobalSection
EndGlobal
